
Microsoft Visual Studio Solution File, Format Version 12.00
# Visual Studio Version 17
VisualStudioVersion = 17.5.002.0
MinimumVisualStudioVersion = 10.0.40219.1
Project("{9A19103F-16F7-4668-BE54-9A1E7A4F7556}") = "EmpressOfLight", "EmpressOfLight.csproj", "{E186B93E-3615-4F3C-B477-BF3C4BD61534}"
EndProject
Global
	GlobalSection(SolutionConfigurationPlatforms) = preSolution
		Debug|Any CPU = Debug|Any CPU
		Release|Any CPU = Release|Any CPU
	EndGlobalSection
	GlobalSection(ProjectConfigurationPlatforms) = postSolution
		{E186B93E-3615-4F3C-B477-BF3C4BD61534}.Debug|Any CPU.ActiveCfg = Debug|Any CPU
		{E186B93E-3615-4F3C-B477-BF3C4BD61534}.Debug|Any CPU.Build.0 = Debug|Any CPU
		{E186B93E-3615-4F3C-B477-BF3C4BD61534}.Release|Any CPU.ActiveCfg = Release|Any CPU
		{E186B93E-3615-4F3C-B477-BF3C4BD61534}.Release|Any CPU.Build.0 = Release|Any CPU
	EndGlobalSection
	GlobalSection(SolutionProperties) = preSolution
		HideSolutionNode = FALSE
	EndGlobalSection
	GlobalSection(ExtensibilityGlobals) = postSolution
		SolutionGuid = {EE850D5B-671B-44DB-A548-3DBB646BF493}
	EndGlobalSection
EndGlobal
